
Microsoft Visual Studio Solution File, Format Version 12.00
# Visual Studio Version 17
VisualStudioVersion = 17.9.34701.34
MinimumVisualStudioVersion = 10.0.40219.1
Project("{FAE04EC0-301F-11D3-BF4B-00C04F79EFBC}") = "CloudCustomers", "CloudCustomers\CloudCustomers.csproj", "{6F5E8749-94CD-4EF3-A031-C75C5CF46A02}"
EndProject
Project("{FAE04EC0-301F-11D3-BF4B-00C04F79EFBC}") = "CloudCustomers.Test", "CloudCustomers.Test\CloudCustomers.Test.csproj", "{CA2BBB69-C426-4AB0-BD19-0883AC50D18E}"
EndProject
Global
	GlobalSection(SolutionConfigurationPlatforms) = preSolution
		Debug|Any CPU = Debug|Any CPU
		Release|Any CPU = Release|Any CPU
	EndGlobalSection
	GlobalSection(ProjectConfigurationPlatforms) = postSolution
		{6F5E8749-94CD-4EF3-A031-C75C5CF46A02}.Debug|Any CPU.ActiveCfg = Debug|Any CPU
		{6F5E8749-94CD-4EF3-A031-C75C5CF46A02}.Debug|Any CPU.Build.0 = Debug|Any CPU
		{6F5E8749-94CD-4EF3-A031-C75C5CF46A02}.Release|Any CPU.ActiveCfg = Release|Any CPU
		{6F5E8749-94CD-4EF3-A031-C75C5CF46A02}.Release|Any CPU.Build.0 = Release|Any CPU
		{CA2BBB69-C426-4AB0-BD19-0883AC50D18E}.Debug|Any CPU.ActiveCfg = Debug|Any CPU
		{CA2BBB69-C426-4AB0-BD19-0883AC50D18E}.Debug|Any CPU.Build.0 = Debug|Any CPU
		{CA2BBB69-C426-4AB0-BD19-0883AC50D18E}.Release|Any CPU.ActiveCfg = Release|Any CPU
		{CA2BBB69-C426-4AB0-BD19-0883AC50D18E}.Release|Any CPU.Build.0 = Release|Any CPU
	EndGlobalSection
	GlobalSection(SolutionProperties) = preSolution
		HideSolutionNode = FALSE
	EndGlobalSection
	GlobalSection(ExtensibilityGlobals) = postSolution
		SolutionGuid = {48047968-652F-4385-9FB9-A89B2F46220E}
	EndGlobalSection
EndGlobal
